
Microsoft Visual Studio Solution File, Format Version 12.00
# Visual Studio Version 17
VisualStudioVersion = 17.1.32210.238
MinimumVisualStudioVersion = 10.0.40219.1
Project("{2150E333-8FDC-42A3-9474-1A3956D46DE8}") = "01 - Exercicio", "01 - Exercicio", "{8937536B-F453-486D-92FF-07A71590E26A}"
EndProject
Project("{FAE04EC0-301F-11D3-BF4B-00C04F79EFBC}") = "Exercicio.Um", "Exercicio.Um\Exercicio.Um.csproj", "{1E3CAAE2-4F7A-437F-8C18-BED1F44424B3}"
EndProject
Project("{2150E333-8FDC-42A3-9474-1A3956D46DE8}") = "02 - Exercicio", "02 - Exercicio", "{E2113DCE-E613-4CBC-B834-FF27EC388A0B}"
EndProject
Project("{FAE04EC0-301F-11D3-BF4B-00C04F79EFBC}") = "Exercicio.Dois", "Exercicio.Dois\Exercicio.Dois.csproj", "{E50BA723-C923-477C-A333-637EB4EBEF17}"
EndProject
Project("{2150E333-8FDC-42A3-9474-1A3956D46DE8}") = "03 - Exercicio", "03 - Exercicio", "{A429567E-521E-406C-AC6E-45B7B8A2B6B4}"
EndProject
Project("{FAE04EC0-301F-11D3-BF4B-00C04F79EFBC}") = "Exercicio.Tres", "Exercicio.Tres\Exercicio.Tres.csproj", "{AF4F6CF6-A9FE-4364-AE92-502C671CE00D}"
EndProject
Global
	GlobalSection(SolutionConfigurationPlatforms) = preSolution
		Debug|Any CPU = Debug|Any CPU
		Release|Any CPU = Release|Any CPU
	EndGlobalSection
	GlobalSection(ProjectConfigurationPlatforms) = postSolution
		{1E3CAAE2-4F7A-437F-8C18-BED1F44424B3}.Debug|Any CPU.ActiveCfg = Debug|Any CPU
		{1E3CAAE2-4F7A-437F-8C18-BED1F44424B3}.Debug|Any CPU.Build.0 = Debug|Any CPU
		{1E3CAAE2-4F7A-437F-8C18-BED1F44424B3}.Release|Any CPU.ActiveCfg = Release|Any CPU
		{1E3CAAE2-4F7A-437F-8C18-BED1F44424B3}.Release|Any CPU.Build.0 = Release|Any CPU
		{E50BA723-C923-477C-A333-637EB4EBEF17}.Debug|Any CPU.ActiveCfg = Debug|Any CPU
		{E50BA723-C923-477C-A333-637EB4EBEF17}.Debug|Any CPU.Build.0 = Debug|Any CPU
		{E50BA723-C923-477C-A333-637EB4EBEF17}.Release|Any CPU.ActiveCfg = Release|Any CPU
		{E50BA723-C923-477C-A333-637EB4EBEF17}.Release|Any CPU.Build.0 = Release|Any CPU
		{AF4F6CF6-A9FE-4364-AE92-502C671CE00D}.Debug|Any CPU.ActiveCfg = Debug|Any CPU
		{AF4F6CF6-A9FE-4364-AE92-502C671CE00D}.Debug|Any CPU.Build.0 = Debug|Any CPU
		{AF4F6CF6-A9FE-4364-AE92-502C671CE00D}.Release|Any CPU.ActiveCfg = Release|Any CPU
		{AF4F6CF6-A9FE-4364-AE92-502C671CE00D}.Release|Any CPU.Build.0 = Release|Any CPU
	EndGlobalSection
	GlobalSection(SolutionProperties) = preSolution
		HideSolutionNode = FALSE
	EndGlobalSection
	GlobalSection(NestedProjects) = preSolution
		{1E3CAAE2-4F7A-437F-8C18-BED1F44424B3} = {8937536B-F453-486D-92FF-07A71590E26A}
		{E50BA723-C923-477C-A333-637EB4EBEF17} = {E2113DCE-E613-4CBC-B834-FF27EC388A0B}
		{AF4F6CF6-A9FE-4364-AE92-502C671CE00D} = {A429567E-521E-406C-AC6E-45B7B8A2B6B4}
	EndGlobalSection
	GlobalSection(ExtensibilityGlobals) = postSolution
		SolutionGuid = {25D26871-B804-49DF-BA50-156AC1B0EB1C}
	EndGlobalSection
EndGlobal
